
Microsoft Visual Studio Solution File, Format Version 12.00
# Visual Studio 15
VisualStudioVersion = 15.0.28010.2019
MinimumVisualStudioVersion = 10.0.40219.1
Project("{D2ABAB84-BF74-430A-B69E-9DC6D40DDA17}") = "Mining_Nasir_Gohary", "Mining_Nasir_Gohary\Mining_Nasir_Gohary.dwproj", "{8236651C-FC1B-4043-86E6-6AB280D9A891}"
EndProject
Global
	GlobalSection(SolutionConfigurationPlatforms) = preSolution
		Development|Default = Development|Default
	EndGlobalSection
	GlobalSection(ProjectConfigurationPlatforms) = postSolution
		{8236651C-FC1B-4043-86E6-6AB280D9A891}.Development|Default.ActiveCfg = Development
		{8236651C-FC1B-4043-86E6-6AB280D9A891}.Development|Default.Build.0 = Development
		{8236651C-FC1B-4043-86E6-6AB280D9A891}.Development|Default.Deploy.0 = Development
	EndGlobalSection
	GlobalSection(SolutionProperties) = preSolution
		HideSolutionNode = FALSE
	EndGlobalSection
	GlobalSection(ExtensibilityGlobals) = postSolution
		SolutionGuid = {272B9F63-532D-4071-BFFA-4E55F4142064}
	EndGlobalSection
EndGlobal
